dependencies:
- name: external-db
  repository: file://../components/external-db
  version: 1.1.0-SNAPSHOT
- name: base-oracle
  repository: https://artifactory.clear2pay.com/artifactory/sabxct-helm-virtual
  version: 19.18.0-ee.230117-2
- name: postgresql-ha
  repository: https://artifactory.clear2pay.com/artifactory/sabxct-helm-virtual
  version: 8.6.2
- name: base-mq
  repository: https://artifactory.clear2pay.com/artifactory/sabxct-helm-virtual
  version: 9.3.0-fp.2-1
- name: base-mq
  repository: https://artifactory.clear2pay.com/artifactory/sabxct-helm-virtual
  version: 9.1.0-helm.8-4
- name: base-mq
  repository: https://artifactory.clear2pay.com/artifactory/sabxct-helm-virtual
  version: 9.1.0-helm.8-4
- name: kafka
  repository: https://artifactory.clear2pay.com/artifactory/sabxct-helm-virtual
  version: 17.2.6
- name: nfs-server
  repository: file://../components/nfs-server
  version: 1.1.0-SNAPSHOT
- name: base-keycloak
  repository: https://artifactory.clear2pay.com/artifactory/sabxct-helm-virtual
  version: 12.0.2-25
- name: hashicorp-vault
  repository: file://../components/hashicorp-vault
  version: 1.1.0-SNAPSHOT
- name: opf-dev-chart
  repository: file://../components/xct-opf-dev-chart
  version: 1.1.0-SNAPSHOT
- name: ova-dev-chart
  repository: file://../components/ova-dev-chart
  version: 1.1.0-SNAPSHOT
- name: influxdb
  repository: https://artifactory.clear2pay.com/artifactory/sabxct-helm-virtual
  version: 5.3.12
- name: prometheus
  repository: https://artifactory.clear2pay.com/artifactory/sabxct-helm-virtual
  version: 14.11.1
- name: grafana
  repository: https://artifactory.clear2pay.com/artifactory/sabxct-helm-virtual
  version: 7.9.11
digest: sha256:340e69fb4029bbc1584c1cf82f7ecb70efdaab7de45530323cea32c2cc776a71
generated: "2025-06-29T11:10:14.522566595Z"
